Microsoft Visual Studio Solution File, Format Version 12.00
# Visual Studio Version 17
VisualStudioVersion = 17.14.35906.104
MinimumVisualStudioVersion = 10.0.40219.1
Project("{FAE04EC0-301F-11D3-BF4B-00C04F79EFBC}") = "WebAppMCPPoc", "WebAppMCPPoc\WebAppMCPPoc.csproj", "{40EF8A6E-66CA-413B-A7EB-08B3024D070D}"
EndProject
Project("{FAE04EC0-301F-11D3-BF4B-00C04F79EFBC}") = "MCPServer", "MCPServer\MCPServer.csproj", "{264CDC8A-21AC-46B4-8470-761CAC6CAE32}"
EndProject
Global
	GlobalSection(SolutionConfigurationPlatforms) = preSolution
		Debug|Any CPU = Debug|Any CPU
		Release|Any CPU = Release|Any CPU
	EndGlobalSection
	GlobalSection(ProjectConfigurationPlatforms) = postSolution
		{40EF8A6E-66CA-413B-A7EB-08B3024D070D}.Debug|Any CPU.ActiveCfg = Debug|Any CPU
		{40EF8A6E-66CA-413B-A7EB-08B3024D070D}.Debug|Any CPU.Build.0 = Debug|Any CPU
		{40EF8A6E-66CA-413B-A7EB-08B3024D070D}.Release|Any CPU.ActiveCfg = Release|Any CPU
		{40EF8A6E-66CA-413B-A7EB-08B3024D070D}.Release|Any CPU.Build.0 = Release|Any CPU
		{264CDC8A-21AC-46B4-8470-761CAC6CAE32}.Debug|Any CPU.ActiveCfg = Debug|Any CPU
		{264CDC8A-21AC-46B4-8470-761CAC6CAE32}.Debug|Any CPU.Build.0 = Debug|Any CPU
		{264CDC8A-21AC-46B4-8470-761CAC6CAE32}.Release|Any CPU.ActiveCfg = Release|Any CPU
		{264CDC8A-21AC-46B4-8470-761CAC6CAE32}.Release|Any CPU.Build.0 = Release|Any CPU
	EndGlobalSection
	GlobalSection(SolutionProperties) = preSolution
		HideSolutionNode = FALSE
	EndGlobalSection
	GlobalSection(ExtensibilityGlobals) = postSolution
		SolutionGuid = {0886F80B-C98A-4D4C-8DA7-B9C098E26E37}
	EndGlobalSection
EndGlobal
